
Microsoft Visual Studio Solution File, Format Version 12.00
Project("{FAE04EC0-301F-11D3-BF4B-00C04F79EFBC}") = "calliope", "calliope\calliope.csproj", "{7220A976-59A6-4218-8DD6-27A5C2103CB4}"
EndProject
Global
	GlobalSection(SolutionConfigurationPlatforms) = preSolution
		Debug|Any CPU = Debug|Any CPU
		Release|Any CPU = Release|Any CPU
	EndGlobalSection
	GlobalSection(ProjectConfigurationPlatforms) = postSolution
		{7220A976-59A6-4218-8DD6-27A5C2103CB4}.Debug|Any CPU.ActiveCfg = Debug|Any CPU
		{7220A976-59A6-4218-8DD6-27A5C2103CB4}.Debug|Any CPU.Build.0 = Debug|Any CPU
		{7220A976-59A6-4218-8DD6-27A5C2103CB4}.Release|Any CPU.ActiveCfg = Release|Any CPU
		{7220A976-59A6-4218-8DD6-27A5C2103CB4}.Release|Any CPU.Build.0 = Release|Any CPU
	EndGlobalSection
EndGlobal
